
Microsoft Visual Studio Solution File, Format Version 12.00
# Visual Studio Version 17
VisualStudioVersion = 17.2.32616.157
MinimumVisualStudioVersion = 10.0.40219.1
Project("{FAE04EC0-301F-11D3-BF4B-00C04F79EFBC}") = "Quadigi", "Quadigi.csproj", "{877477BA-62F1-4E21-BC37-40690B4FE505}"
EndProject
Project("{FAE04EC0-301F-11D3-BF4B-00C04F79EFBC}") = "UnitTests", "..\UnitTests\UnitTests.csproj", "{9221E767-760F-43CC-A42B-6466FF8C425A}"
EndProject
Global
	GlobalSection(SolutionConfigurationPlatforms) = preSolution
		Debug|Any CPU = Debug|Any CPU
		Release|Any CPU = Release|Any CPU
	EndGlobalSection
	GlobalSection(ProjectConfigurationPlatforms) = postSolution
		{877477BA-62F1-4E21-BC37-40690B4FE505}.Debug|Any CPU.ActiveCfg = Debug|Any CPU
		{877477BA-62F1-4E21-BC37-40690B4FE505}.Debug|Any CPU.Build.0 = Debug|Any CPU
		{877477BA-62F1-4E21-BC37-40690B4FE505}.Release|Any CPU.ActiveCfg = Release|Any CPU
		{877477BA-62F1-4E21-BC37-40690B4FE505}.Release|Any CPU.Build.0 = Release|Any CPU
		{9221E767-760F-43CC-A42B-6466FF8C425A}.Debug|Any CPU.ActiveCfg = Debug|Any CPU
		{9221E767-760F-43CC-A42B-6466FF8C425A}.Debug|Any CPU.Build.0 = Debug|Any CPU
		{9221E767-760F-43CC-A42B-6466FF8C425A}.Release|Any CPU.ActiveCfg = Release|Any CPU
		{9221E767-760F-43CC-A42B-6466FF8C425A}.Release|Any CPU.Build.0 = Release|Any CPU
	EndGlobalSection
	GlobalSection(SolutionProperties) = preSolution
		HideSolutionNode = FALSE
	EndGlobalSection
	GlobalSection(ExtensibilityGlobals) = postSolution
		SolutionGuid = {7607D0A7-D67C-4187-A068-7B4075C67E6A}
	EndGlobalSection
EndGlobal
